
Microsoft Visual Studio Solution File, Format Version 12.00
# Visual Studio 15
Project("{FAE04EC0-301F-11D3-BF4B-00C04F79EFBC}") = "InventoryManager.iOS", "InventoryManager.iOS\InventoryManager.iOS.csproj", "{37475621-6176-40EB-AFC5-A532075328D1}"
EndProject
Project("{FAE04EC0-301F-11D3-BF4B-00C04F79EFBC}") = "InventoryManager.MobileAppService", "InventoryManager.MobileAppService\InventoryManager.MobileAppService.csproj", "{F7BED9F8-7EFA-406F-BFD7-85B478456D32}"
EndProject
Project("{FAE04EC0-301F-11D3-BF4B-00C04F79EFBC}") = "InventoryManager", "InventoryManager\InventoryManager.csproj", "{A288E2AB-BC3B-4C85-94BF-10DD6D518DBD}"
EndProject
Global
	GlobalSection(SolutionConfigurationPlatforms) = preSolution
		Debug|iPhoneSimulator = Debug|iPhoneSimulator
		Release|iPhoneSimulator = Release|iPhoneSimulator
		Debug|iPhone = Debug|iPhone
		Release|iPhone = Release|iPhone
		Debug|Any CPU = Debug|Any CPU
		Release|Any CPU = Release|Any CPU
	EndGlobalSection
	GlobalSection(ProjectConfigurationPlatforms) = postSolution
		{37475621-6176-40EB-AFC5-A532075328D1}.Debug|iPhoneSimulator.ActiveCfg = Debug|iPhoneSimulator
		{37475621-6176-40EB-AFC5-A532075328D1}.Debug|iPhoneSimulator.Build.0 = Debug|iPhoneSimulator
		{37475621-6176-40EB-AFC5-A532075328D1}.Release|iPhoneSimulator.ActiveCfg = Release|iPhoneSimulator
		{37475621-6176-40EB-AFC5-A532075328D1}.Release|iPhoneSimulator.Build.0 = Release|iPhoneSimulator
		{37475621-6176-40EB-AFC5-A532075328D1}.Debug|iPhone.ActiveCfg = Debug|iPhone
		{37475621-6176-40EB-AFC5-A532075328D1}.Debug|iPhone.Build.0 = Debug|iPhone
		{37475621-6176-40EB-AFC5-A532075328D1}.Release|iPhone.ActiveCfg = Release|iPhone
		{37475621-6176-40EB-AFC5-A532075328D1}.Release|iPhone.Build.0 = Release|iPhone
		{37475621-6176-40EB-AFC5-A532075328D1}.Debug|Any CPU.ActiveCfg = Debug|iPhoneSimulator
		{37475621-6176-40EB-AFC5-A532075328D1}.Debug|Any CPU.Build.0 = Debug|iPhoneSimulator
		{37475621-6176-40EB-AFC5-A532075328D1}.Release|Any CPU.ActiveCfg = Release|iPhoneSimulator
		{37475621-6176-40EB-AFC5-A532075328D1}.Release|Any CPU.Build.0 = Release|iPhoneSimulator
		{F7BED9F8-7EFA-406F-BFD7-85B478456D32}.Debug|iPhoneSimulator.ActiveCfg = Debug|Any CPU
		{F7BED9F8-7EFA-406F-BFD7-85B478456D32}.Debug|iPhoneSimulator.Build.0 = Debug|Any CPU
		{F7BED9F8-7EFA-406F-BFD7-85B478456D32}.Release|iPhoneSimulator.ActiveCfg = Release|Any CPU
		{F7BED9F8-7EFA-406F-BFD7-85B478456D32}.Release|iPhoneSimulator.Build.0 = Release|Any CPU
		{F7BED9F8-7EFA-406F-BFD7-85B478456D32}.Debug|iPhone.ActiveCfg = Debug|Any CPU
		{F7BED9F8-7EFA-406F-BFD7-85B478456D32}.Debug|iPhone.Build.0 = Debug|Any CPU
		{F7BED9F8-7EFA-406F-BFD7-85B478456D32}.Release|iPhone.ActiveCfg = Release|Any CPU
		{F7BED9F8-7EFA-406F-BFD7-85B478456D32}.Release|iPhone.Build.0 = Release|Any CPU
		{F7BED9F8-7EFA-406F-BFD7-85B478456D32}.Debug|Any CPU.ActiveCfg = Debug|Any CPU
		{F7BED9F8-7EFA-406F-BFD7-85B478456D32}.Debug|Any CPU.Build.0 = Debug|Any CPU
		{F7BED9F8-7EFA-406F-BFD7-85B478456D32}.Release|Any CPU.ActiveCfg = Release|Any CPU
		{F7BED9F8-7EFA-406F-BFD7-85B478456D32}.Release|Any CPU.Build.0 = Release|Any CPU
		{A288E2AB-BC3B-4C85-94BF-10DD6D518DBD}.Debug|iPhoneSimulator.ActiveCfg = Debug|Any CPU
		{A288E2AB-BC3B-4C85-94BF-10DD6D518DBD}.Debug|iPhoneSimulator.Build.0 = Debug|Any CPU
		{A288E2AB-BC3B-4C85-94BF-10DD6D518DBD}.Release|iPhoneSimulator.ActiveCfg = Release|Any CPU
		{A288E2AB-BC3B-4C85-94BF-10DD6D518DBD}.Release|iPhoneSimulator.Build.0 = Release|Any CPU
		{A288E2AB-BC3B-4C85-94BF-10DD6D518DBD}.Debug|iPhone.ActiveCfg = Debug|Any CPU
		{A288E2AB-BC3B-4C85-94BF-10DD6D518DBD}.Debug|iPhone.Build.0 = Debug|Any CPU
		{A288E2AB-BC3B-4C85-94BF-10DD6D518DBD}.Release|iPhone.ActiveCfg = Release|Any CPU
		{A288E2AB-BC3B-4C85-94BF-10DD6D518DBD}.Release|iPhone.Build.0 = Release|Any CPU
		{A288E2AB-BC3B-4C85-94BF-10DD6D518DBD}.Debug|Any CPU.ActiveCfg = Debug|Any CPU
		{A288E2AB-BC3B-4C85-94BF-10DD6D518DBD}.Debug|Any CPU.Build.0 = Debug|Any CPU
		{A288E2AB-BC3B-4C85-94BF-10DD6D518DBD}.Release|Any CPU.ActiveCfg = Release|Any CPU
		{A288E2AB-BC3B-4C85-94BF-10DD6D518DBD}.Release|Any CPU.Build.0 = Release|Any CPU
	EndGlobalSection
EndGlobal
